
Microsoft Visual Studio Solution File, Format Version 12.00
# Visual Studio Version 17
VisualStudioVersion = 17.0.31903.59
MinimumVisualStudioVersion = 10.0.40219.1
Project("{FAE04EC0-301F-11D3-BF4B-00C04F79EFBC}") = "TaskMaster.Presentation", "TaskMaster.Presentation\TaskMaster.Presentation.csproj", "{C59AE99E-1F5D-4836-A7C8-E6B3097306E0}"
EndProject
Project("{FAE04EC0-301F-11D3-BF4B-00C04F79EFBC}") = "TaskMaster.Domain", "TaskMaster.Domain\TaskMaster.Domain.csproj", "{158C2D50-78E2-4337-AD58-1B3EA3A3064B}"
EndProject
Project("{FAE04EC0-301F-11D3-BF4B-00C04F79EFBC}") = "TaskMaster.Infrastructure", "TaskMaster.Infrastructure\TaskMaster.Infrastructure.csproj", "{67F3B0A9-EA22-4944-8838-1607F10555A1}"
EndProject
Project("{FAE04EC0-301F-11D3-BF4B-00C04F79EFBC}") = "TaskMaster.Application", "TaskMaster.Application\TaskMaster.Application.csproj", "{862A59D1-BE1E-427F-BCE5-B87B68AA0822}"
EndProject
Project("{FAE04EC0-301F-11D3-BF4B-00C04F79EFBC}") = "TaskMaster.Tests", "TaskMaster.Tests\TaskMaster.Tests.csproj", "{B9DE33AA-7FD7-4567-A7B5-A51F91994B0F}"
EndProject
Global
	GlobalSection(SolutionConfigurationPlatforms) = preSolution
		Debug|Any CPU = Debug|Any CPU
		Release|Any CPU = Release|Any CPU
	EndGlobalSection
	GlobalSection(ProjectConfigurationPlatforms) = postSolution
		{C59AE99E-1F5D-4836-A7C8-E6B3097306E0}.Debug|Any CPU.ActiveCfg = Debug|Any CPU
		{C59AE99E-1F5D-4836-A7C8-E6B3097306E0}.Debug|Any CPU.Build.0 = Debug|Any CPU
		{C59AE99E-1F5D-4836-A7C8-E6B3097306E0}.Release|Any CPU.ActiveCfg = Release|Any CPU
		{C59AE99E-1F5D-4836-A7C8-E6B3097306E0}.Release|Any CPU.Build.0 = Release|Any CPU
		{158C2D50-78E2-4337-AD58-1B3EA3A3064B}.Debug|Any CPU.ActiveCfg = Debug|Any CPU
		{158C2D50-78E2-4337-AD58-1B3EA3A3064B}.Debug|Any CPU.Build.0 = Debug|Any CPU
		{158C2D50-78E2-4337-AD58-1B3EA3A3064B}.Release|Any CPU.ActiveCfg = Release|Any CPU
		{158C2D50-78E2-4337-AD58-1B3EA3A3064B}.Release|Any CPU.Build.0 = Release|Any CPU
		{67F3B0A9-EA22-4944-8838-1607F10555A1}.Debug|Any CPU.ActiveCfg = Debug|Any CPU
		{67F3B0A9-EA22-4944-8838-1607F10555A1}.Debug|Any CPU.Build.0 = Debug|Any CPU
		{67F3B0A9-EA22-4944-8838-1607F10555A1}.Release|Any CPU.ActiveCfg = Release|Any CPU
		{67F3B0A9-EA22-4944-8838-1607F10555A1}.Release|Any CPU.Build.0 = Release|Any CPU
		{862A59D1-BE1E-427F-BCE5-B87B68AA0822}.Debug|Any CPU.ActiveCfg = Debug|Any CPU
		{862A59D1-BE1E-427F-BCE5-B87B68AA0822}.Debug|Any CPU.Build.0 = Debug|Any CPU
		{862A59D1-BE1E-427F-BCE5-B87B68AA0822}.Release|Any CPU.ActiveCfg = Release|Any CPU
		{862A59D1-BE1E-427F-BCE5-B87B68AA0822}.Release|Any CPU.Build.0 = Release|Any CPU
		{B9DE33AA-7FD7-4567-A7B5-A51F91994B0F}.Debug|Any CPU.ActiveCfg = Debug|Any CPU
		{B9DE33AA-7FD7-4567-A7B5-A51F91994B0F}.Debug|Any CPU.Build.0 = Debug|Any CPU
		{B9DE33AA-7FD7-4567-A7B5-A51F91994B0F}.Release|Any CPU.ActiveCfg = Release|Any CPU
		{B9DE33AA-7FD7-4567-A7B5-A51F91994B0F}.Release|Any CPU.Build.0 = Release|Any CPU
	EndGlobalSection
	GlobalSection(SolutionProperties) = preSolution
		HideSolutionNode = FALSE
	EndGlobalSection
EndGlobal
